
Microsoft Visual Studio Solution File, Format Version 12.00
# Visual Studio Version 17
VisualStudioVersion = 17.14.36915.13
MinimumVisualStudioVersion = 10.0.40219.1
Project("{FAE04EC0-301F-11D3-BF4B-00C04F79EFBC}") = "BrewStation.Api", "BrewStation.Api\BrewStation.Api.csproj", "{9528E25E-3BD1-4269-9CB7-3299965CD3F6}"
EndProject
Project("{FAE04EC0-301F-11D3-BF4B-00C04F79EFBC}") = "BrewStation.Core", "BrewStation.Core\BrewStation.Core.csproj", "{87EBB2DC-71A1-4B16-8E1F-152064163239}"
EndProject
Project("{FAE04EC0-301F-11D3-BF4B-00C04F79EFBC}") = "BrewStation.Tests", "BrewStation.Tests\BrewStation.Tests.csproj", "{5A2E0ACC-4495-4D24-18A8-CC382559A6B2}"
EndProject
Global
	GlobalSection(SolutionConfigurationPlatforms) = preSolution
		Debug|Any CPU = Debug|Any CPU
		Release|Any CPU = Release|Any CPU
	EndGlobalSection
	GlobalSection(ProjectConfigurationPlatforms) = postSolution
		{9528E25E-3BD1-4269-9CB7-3299965CD3F6}.Debug|Any CPU.ActiveCfg = Debug|Any CPU
		{9528E25E-3BD1-4269-9CB7-3299965CD3F6}.Debug|Any CPU.Build.0 = Debug|Any CPU
		{9528E25E-3BD1-4269-9CB7-3299965CD3F6}.Release|Any CPU.ActiveCfg = Release|Any CPU
		{9528E25E-3BD1-4269-9CB7-3299965CD3F6}.Release|Any CPU.Build.0 = Release|Any CPU
		{87EBB2DC-71A1-4B16-8E1F-152064163239}.Debug|Any CPU.ActiveCfg = Debug|Any CPU
		{87EBB2DC-71A1-4B16-8E1F-152064163239}.Debug|Any CPU.Build.0 = Debug|Any CPU
		{87EBB2DC-71A1-4B16-8E1F-152064163239}.Release|Any CPU.ActiveCfg = Release|Any CPU
		{87EBB2DC-71A1-4B16-8E1F-152064163239}.Release|Any CPU.Build.0 = Release|Any CPU
		{5A2E0ACC-4495-4D24-18A8-CC382559A6B2}.Debug|Any CPU.ActiveCfg = Debug|Any CPU
		{5A2E0ACC-4495-4D24-18A8-CC382559A6B2}.Debug|Any CPU.Build.0 = Debug|Any CPU
		{5A2E0ACC-4495-4D24-18A8-CC382559A6B2}.Release|Any CPU.ActiveCfg = Release|Any CPU
		{5A2E0ACC-4495-4D24-18A8-CC382559A6B2}.Release|Any CPU.Build.0 = Release|Any CPU
	EndGlobalSection
	GlobalSection(SolutionProperties) = preSolution
		HideSolutionNode = FALSE
	EndGlobalSection
	GlobalSection(ExtensibilityGlobals) = postSolution
		SolutionGuid = {95431B38-88F0-4872-B3C9-6411D0E55A72}
	EndGlobalSection
EndGlobal
